
Microsoft Visual Studio Solution File, Format Version 12.00
# Visual Studio Version 16
VisualStudioVersion = 16.0.31702.278
MinimumVisualStudioVersion = 10.0.40219.1
Project("{FAE04EC0-301F-11D3-BF4B-00C04F79EFBC}") = "Day-7", "Day-7\Day-7.csproj", "{26B6779C-6B8D-4062-AFB0-BEE9E7C42DA7}"
EndProject
Global
	GlobalSection(SolutionConfigurationPlatforms) = preSolution
		Debug|Any CPU = Debug|Any CPU
		Release|Any CPU = Release|Any CPU
	EndGlobalSection
	GlobalSection(ProjectConfigurationPlatforms) = postSolution
		{26B6779C-6B8D-4062-AFB0-BEE9E7C42DA7}.Debug|Any CPU.ActiveCfg = Debug|Any CPU
		{26B6779C-6B8D-4062-AFB0-BEE9E7C42DA7}.Debug|Any CPU.Build.0 = Debug|Any CPU
		{26B6779C-6B8D-4062-AFB0-BEE9E7C42DA7}.Release|Any CPU.ActiveCfg = Release|Any CPU
		{26B6779C-6B8D-4062-AFB0-BEE9E7C42DA7}.Release|Any CPU.Build.0 = Release|Any CPU
	EndGlobalSection
	GlobalSection(SolutionProperties) = preSolution
		HideSolutionNode = FALSE
	EndGlobalSection
	GlobalSection(ExtensibilityGlobals) = postSolution
		SolutionGuid = {CEFC4926-EE9D-46A7-AA6F-34BE8221139F}
	EndGlobalSection
EndGlobal
