
Microsoft Visual Studio Solution File, Format Version 12.00
# Visual Studio Version 16
VisualStudioVersion = 16.0.31702.278
MinimumVisualStudioVersion = 10.0.40219.1
Project("{FAE04EC0-301F-11D3-BF4B-00C04F79EFBC}") = "RepoPractice", "RepoPractice\RepoPractice.csproj", "{E776B771-537C-4C4B-B683-19C65F6AE7C5}"
EndProject
Global
	GlobalSection(SolutionConfigurationPlatforms) = preSolution
		Debug|Any CPU = Debug|Any CPU
		Release|Any CPU = Release|Any CPU
	EndGlobalSection
	GlobalSection(ProjectConfigurationPlatforms) = postSolution
		{E776B771-537C-4C4B-B683-19C65F6AE7C5}.Debug|Any CPU.ActiveCfg = Debug|Any CPU
		{E776B771-537C-4C4B-B683-19C65F6AE7C5}.Debug|Any CPU.Build.0 = Debug|Any CPU
		{E776B771-537C-4C4B-B683-19C65F6AE7C5}.Release|Any CPU.ActiveCfg = Release|Any CPU
		{E776B771-537C-4C4B-B683-19C65F6AE7C5}.Release|Any CPU.Build.0 = Release|Any CPU
	EndGlobalSection
	GlobalSection(SolutionProperties) = preSolution
		HideSolutionNode = FALSE
	EndGlobalSection
	GlobalSection(ExtensibilityGlobals) = postSolution
		SolutionGuid = {18804954-7BEE-441A-847A-3C275ED0F5BE}
	EndGlobalSection
EndGlobal
